// !$*UTF8*$!
{
	archiveVersion = 1;
	classes = {
	};
	objectVersion = 56;
	objects = {

/* Begin PBXBuildFile section */
		AB018B012C12B13F00D4E572 /* KeyboardView.swift in Sources */ = {isa = PBXBuildFile; fileRef = AB018B002C12B13F00D4E572 /* KeyboardView.swift */; };
		AB030C9D2BF055F100B7F385 /* FretBoardView.swift in Sources */ = {isa = PBXBuildFile; fileRef = AB030C9C2BF055F100B7F385 /* FretBoardView.swift */; };
		ABE66A602C0BCFDF00D9C64A /* Launch Screen.storyboard in Resources */ = {isa = PBXBuildFile; fileRef = ABE66A5F2C0BCFDF00D9C64A /* Launch Screen.storyboard */; };
		ABE66A622C0C049200D9C64A /* SettingsView.swift in Sources */ = {isa = PBXBuildFile; fileRef = ABE66A612C0C049200D9C64A /* SettingsView.swift */; };
		ABE66A642C0C07ED00D9C64A /* ColorExtensions.swift in Sources */ = {isa = PBXBuildFile; fileRef = ABE66A632C0C07ED00D9C64A /* ColorExtensions.swift */; };
		ABE66A672C0C245E00D9C64A /* Localizable.strings in Resources */ = {isa = PBXBuildFile; fileRef = ABE66A652C0C245E00D9C64A /* Localizable.strings */; };
		ABF779EF2BE713F100108EB2 /* UniversalChordsApp.swift in Sources */ = {isa = PBXBuildFile; fileRef = ABF779EE2BE713F100108EB2 /* UniversalChordsApp.swift */; };
		ABF779F12BE713F100108EB2 /* ContentView.swift in Sources */ = {isa = PBXBuildFile; fileRef = ABF779F02BE713F100108EB2 /* ContentView.swift */; };
		ABF779F32BE713F200108EB2 /* Assets.xcassets in Resources */ = {isa = PBXBuildFile; fileRef = ABF779F22BE713F200108EB2 /* Assets.xcassets */; };
		ABF779F72BE713F200108EB2 /* Preview Assets.xcassets in Resources */ = {isa = PBXBuildFile; fileRef = ABF779F62BE713F200108EB2 /* Preview Assets.xcassets */; };
		ABF77A012BE713F200108EB2 /* UniversalChordsTests.swift in Sources */ = {isa = PBXBuildFile; fileRef = ABF77A002BE713F200108EB2 /* UniversalChordsTests.swift */; };
		ABF77A0B2BE713F300108EB2 /* UniversalChordsUITests.swift in Sources */ = {isa = PBXBuildFile; fileRef = ABF77A0A2BE713F300108EB2 /* UniversalChordsUITests.swift */; };
		ABF77A0D2BE713F300108EB2 /* UniversalChordsUITestsLaunchTests.swift in Sources */ = {isa = PBXBuildFile; fileRef = ABF77A0C2BE713F300108EB2 /* UniversalChordsUITestsLaunchTests.swift */; };
		ABF77A1D2BE71F9D00108EB2 /* MusicTheory in Frameworks */ = {isa = PBXBuildFile; productRef = ABF77A1C2BE71F9D00108EB2 /* MusicTheory */; };
		ABF77A1F2BE727E600108EB2 /* MusicExtensions.swift in Sources */ = {isa = PBXBuildFile; fileRef = ABF77A1E2BE727E600108EB2 /* MusicExtensions.swift */; };
		ABF77A212BE8635800108EB2 /* ChordPickerView.swift in Sources */ = {isa = PBXBuildFile; fileRef = ABF77A202BE8635800108EB2 /* ChordPickerView.swift */; };
		ABF77A232BE8759100108EB2 /* Instrument.swift in Sources */ = {isa = PBXBuildFile; fileRef = ABF77A222BE8759100108EB2 /* Instrument.swift */; };
/* End PBXBuildFile section */

/* Begin PBXContainerItemProxy section */
		ABF779FD2BE713F200108EB2 /* PBXContainerItemProxy */ = {
			isa = PBXContainerItemProxy;
			containerPortal = ABF779E32BE713F100108EB2 /* Project object */;
			proxyType = 1;
			remoteGlobalIDString = ABF779EA2BE713F100108EB2;
			remoteInfo = UniversalChords;
		};
		ABF77A072BE713F300108EB2 /* PBXContainerItemProxy */ = {
			isa = PBXContainerItemProxy;
			containerPortal = ABF779E32BE713F100108EB2 /* Project object */;
			proxyType = 1;
			remoteGlobalIDString = ABF779EA2BE713F100108EB2;
			remoteInfo = UniversalChords;
		};
/* End PBXContainerItemProxy section */

/* Begin PBXFileReference section */
		AB018B002C12B13F00D4E572 /* KeyboardView.swift */ = {isa = PBXFileReference; lastKnownFileType = sourcecode.swift; path = KeyboardView.swift; sourceTree = "<group>"; };
		AB030C9C2BF055F100B7F385 /* FretBoardView.swift */ = {isa = PBXFileReference; lastKnownFileType = sourcecode.swift; path = FretBoardView.swift; sourceTree = "<group>"; };
		ABE66A5C2C0BC37400D9C64A /* Info.plist */ = {isa = PBXFileReference; lastKnownFileType = text.plist; path = Info.plist; sourceTree = "<group>"; };
		ABE66A5F2C0BCFDF00D9C64A /* Launch Screen.storyboard */ = {isa = PBXFileReference; lastKnownFileType = file.storyboard; path = "Launch Screen.storyboard"; sourceTree = "<group>"; };
		ABE66A612C0C049200D9C64A /* SettingsView.swift */ = {isa = PBXFileReference; lastKnownFileType = sourcecode.swift; path = SettingsView.swift; sourceTree = "<group>"; };
		ABE66A632C0C07ED00D9C64A /* ColorExtensions.swift */ = {isa = PBXFileReference; lastKnownFileType = sourcecode.swift; path = ColorExtensions.swift; sourceTree = "<group>"; };
		ABE66A662C0C245E00D9C64A /* en */ = {isa = PBXFileReference; lastKnownFileType = text.plist.strings; name = en; path = en.lproj/Localizable.strings; sourceTree = "<group>"; };
		ABE66A682C0C24CE00D9C64A /* fr */ = {isa = PBXFileReference; lastKnownFileType = text.plist.strings; name = fr; path = fr.lproj/Localizable.strings; sourceTree = "<group>"; };
		ABE66A692C0C24CF00D9C64A /* es */ = {isa = PBXFileReference; lastKnownFileType = text.plist.strings; name = es; path = es.lproj/Localizable.strings; sourceTree = "<group>"; };
		ABE66A6A2C0C2EA800D9C64A /* pt-BR */ = {isa = PBXFileReference; lastKnownFileType = text.plist.strings; name = "pt-BR"; path = "pt-BR.lproj/Localizable.strings"; sourceTree = "<group>"; };
		ABE66A6B2C0C303800D9C64A /* nb */ = {isa = PBXFileReference; lastKnownFileType = text.plist.strings; name = nb; path = nb.lproj/Localizable.strings; sourceTree = "<group>"; };
		ABF779EB2BE713F100108EB2 /* UniversalChords.app */ = {isa = PBXFileReference; explicitFileType = wrapper.application; includeInIndex = 0; path = UniversalChords.app; sourceTree = BUILT_PRODUCTS_DIR; };
		ABF779EE2BE713F100108EB2 /* UniversalChordsApp.swift */ = {isa = PBXFileReference; lastKnownFileType = sourcecode.swift; path = UniversalChordsApp.swift; sourceTree = "<group>"; };
		ABF779F02BE713F100108EB2 /* ContentView.swift */ = {isa = PBXFileReference; lastKnownFileType = sourcecode.swift; path = ContentView.swift; sourceTree = "<group>"; };
		ABF779F22BE713F200108EB2 /* Assets.xcassets */ = {isa = PBXFileReference; lastKnownFileType = folder.assetcatalog; path = Assets.xcassets; sourceTree = "<group>"; };
		ABF779F42BE713F200108EB2 /* UniversalChords.entitlements */ = {isa = PBXFileReference; lastKnownFileType = text.plist.entitlements; path = UniversalChords.entitlements; sourceTree = "<group>"; };
		ABF779F62BE713F200108EB2 /* Preview Assets.xcassets */ = {isa = PBXFileReference; lastKnownFileType = folder.assetcatalog; path = "Preview Assets.xcassets"; sourceTree = "<group>"; };
		ABF779FC2BE713F200108EB2 /* UniversalChordsTests.xctest */ = {isa = PBXFileReference; explicitFileType = wrapper.cfbundle; includeInIndex = 0; path = UniversalChordsTests.xctest; sourceTree = BUILT_PRODUCTS_DIR; };
		ABF77A002BE713F200108EB2 /* UniversalChordsTests.swift */ = {isa = PBXFileReference; lastKnownFileType = sourcecode.swift; path = UniversalChordsTests.swift; sourceTree = "<group>"; };
		ABF77A062BE713F300108EB2 /* UniversalChordsUITests.xctest */ = {isa = PBXFileReference; explicitFileType = wrapper.cfbundle; includeInIndex = 0; path = UniversalChordsUITests.xctest; sourceTree = BUILT_PRODUCTS_DIR; };
		ABF77A0A2BE713F300108EB2 /* UniversalChordsUITests.swift */ = {isa = PBXFileReference; lastKnownFileType = sourcecode.swift; path = UniversalChordsUITests.swift; sourceTree = "<group>"; };
		ABF77A0C2BE713F300108EB2 /* UniversalChordsUITestsLaunchTests.swift */ = {isa = PBXFileReference; lastKnownFileType = sourcecode.swift; path = UniversalChordsUITestsLaunchTests.swift; sourceTree = "<group>"; };
		ABF77A1E2BE727E600108EB2 /* MusicExtensions.swift */ = {isa = PBXFileReference; lastKnownFileType = sourcecode.swift; path = MusicExtensions.swift; sourceTree = "<group>"; };
		ABF77A202BE8635800108EB2 /* ChordPickerView.swift */ = {isa = PBXFileReference; lastKnownFileType = sourcecode.swift; path = ChordPickerView.swift; sourceTree = "<group>"; };
		ABF77A222BE8759100108EB2 /* Instrument.swift */ = {isa = PBXFileReference; lastKnownFileType = sourcecode.swift; path = Instrument.swift; sourceTree = "<group>"; };
/* End PBXFileReference section */

/* Begin PBXFrameworksBuildPhase section */
		ABF779E82BE713F100108EB2 /* Frameworks */ = {
			isa = PBXFrameworksBuildPhase;
			buildActionMask = 2147483647;
			files = (
				ABF77A1D2BE71F9D00108EB2 /* MusicTheory in Frameworks */,
			);
			runOnlyForDeploymentPostprocessing = 0;
		};
		ABF779F92BE713F200108EB2 /* Frameworks */ = {
			isa = PBXFrameworksBuildPhase;
			buildActionMask = 2147483647;
			files = (
			);
			runOnlyForDeploymentPostprocessing = 0;
		};
		ABF77A032BE713F300108EB2 /* Frameworks */ = {
			isa = PBXFrameworksBuildPhase;
			buildActionMask = 2147483647;
			files = (
			);
			runOnlyForDeploymentPostprocessing = 0;
		};
/* End PBXFrameworksBuildPhase section */

/* Begin PBXGroup section */
		ABF779E22BE713F100108EB2 = {
			isa = PBXGroup;
			children = (
				ABE66A652C0C245E00D9C64A /* Localizable.strings */,
				ABE66A632C0C07ED00D9C64A /* ColorExtensions.swift */,
				ABE66A5F2C0BCFDF00D9C64A /* Launch Screen.storyboard */,
				ABF77A1E2BE727E600108EB2 /* MusicExtensions.swift */,
				ABF779ED2BE713F100108EB2 /* UniversalChords */,
				ABF779FF2BE713F200108EB2 /* UniversalChordsTests */,
				ABF77A092BE713F300108EB2 /* UniversalChordsUITests */,
				ABF779EC2BE713F100108EB2 /* Products */,
				ABF77A1B2BE71F9D00108EB2 /* Frameworks */,
			);
			sourceTree = "<group>";
		};
		ABF779EC2BE713F100108EB2 /* Products */ = {
			isa = PBXGroup;
			children = (
				ABF779EB2BE713F100108EB2 /* UniversalChords.app */,
				ABF779FC2BE713F200108EB2 /* UniversalChordsTests.xctest */,
				ABF77A062BE713F300108EB2 /* UniversalChordsUITests.xctest */,
			);
			name = Products;
			sourceTree = "<group>";
		};
		ABF779ED2BE713F100108EB2 /* UniversalChords */ = {
			isa = PBXGroup;
			children = (
				ABE66A5C2C0BC37400D9C64A /* Info.plist */,
				ABF779EE2BE713F100108EB2 /* UniversalChordsApp.swift */,
				ABF779F02BE713F100108EB2 /* ContentView.swift */,
				ABF779F22BE713F200108EB2 /* Assets.xcassets */,
				ABF779F42BE713F200108EB2 /* UniversalChords.entitlements */,
				ABF779F52BE713F200108EB2 /* Preview Content */,
				ABF77A202BE8635800108EB2 /* ChordPickerView.swift */,
				ABF77A222BE8759100108EB2 /* Instrument.swift */,
				AB030C9C2BF055F100B7F385 /* FretBoardView.swift */,
				ABE66A612C0C049200D9C64A /* SettingsView.swift */,
				AB018B002C12B13F00D4E572 /* KeyboardView.swift */,
			);
			path = UniversalChords;
			sourceTree = "<group>";
		};
		ABF779F52BE713F200108EB2 /* Preview Content */ = {
			isa = PBXGroup;
			children = (
				ABF779F62BE713F200108EB2 /* Preview Assets.xcassets */,
			);
			path = "Preview Content";
			sourceTree = "<group>";
		};
		ABF779FF2BE713F200108EB2 /* UniversalChordsTests */ = {
			isa = PBXGroup;
			children = (
				ABF77A002BE713F200108EB2 /* UniversalChordsTests.swift */,
			);
			path = UniversalChordsTests;
			sourceTree = "<group>";
		};
		ABF77A092BE713F300108EB2 /* UniversalChordsUITests */ = {
			isa = PBXGroup;
			children = (
				ABF77A0A2BE713F300108EB2 /* UniversalChordsUITests.swift */,
				ABF77A0C2BE713F300108EB2 /* UniversalChordsUITestsLaunchTests.swift */,
			);
			path = UniversalChordsUITests;
			sourceTree = "<group>";
		};
		ABF77A1B2BE71F9D00108EB2 /* Frameworks */ = {
			isa = PBXGroup;
			children = (
			);
			name = Frameworks;
			sourceTree = "<group>";
		};
/* End PBXGroup section */

/* Begin PBXNativeTarget section */
		ABF779EA2BE713F100108EB2 /* UniversalChords */ = {
			isa = PBXNativeTarget;
			buildConfigurationList = ABF77A102BE713F300108EB2 /* Build configuration list for PBXNativeTarget "UniversalChords" */;
			buildPhases = (
				ABF779E72BE713F100108EB2 /* Sources */,
				ABF779E82BE713F100108EB2 /* Frameworks */,
				ABF779E92BE713F100108EB2 /* Resources */,
			);
			buildRules = (
			);
			dependencies = (
			);
			name = UniversalChords;
			packageProductDependencies = (
				ABF77A1C2BE71F9D00108EB2 /* MusicTheory */,
			);
			productName = UniversalChords;
			productReference = ABF779EB2BE713F100108EB2 /* UniversalChords.app */;
			productType = "com.apple.product-type.application";
		};
		ABF779FB2BE713F200108EB2 /* UniversalChordsTests */ = {
			isa = PBXNativeTarget;
			buildConfigurationList = ABF77A132BE713F300108EB2 /* Build configuration list for PBXNativeTarget "UniversalChordsTests" */;
			buildPhases = (
				ABF779F82BE713F200108EB2 /* Sources */,
				ABF779F92BE713F200108EB2 /* Frameworks */,
				ABF779FA2BE713F200108EB2 /* Resources */,
			);
			buildRules = (
			);
			dependencies = (
				ABF779FE2BE713F200108EB2 /* PBXTargetDependency */,
			);
			name = UniversalChordsTests;
			productName = UniversalChordsTests;
			productReference = ABF779FC2BE713F200108EB2 /* UniversalChordsTests.xctest */;
			productType = "com.apple.product-type.bundle.unit-test";
		};
		ABF77A052BE713F300108EB2 /* UniversalChordsUITests */ = {
			isa = PBXNativeTarget;
			buildConfigurationList = ABF77A162BE713F300108EB2 /* Build configuration list for PBXNativeTarget "UniversalChordsUITests" */;
			buildPhases = (
				ABF77A022BE713F300108EB2 /* Sources */,
				ABF77A032BE713F300108EB2 /* Frameworks */,
				ABF77A042BE713F300108EB2 /* Resources */,
			);
			buildRules = (
			);
			dependencies = (
				ABF77A082BE713F300108EB2 /* PBXTargetDependency */,
			);
			name = UniversalChordsUITests;
			productName = UniversalChordsUITests;
			productReference = ABF77A062BE713F300108EB2 /* UniversalChordsUITests.xctest */;
			productType = "com.apple.product-type.bundle.ui-testing";
		};
/* End PBXNativeTarget section */

/* Begin PBXProject section */
		ABF779E32BE713F100108EB2 /* Project object */ = {
			isa = PBXProject;
			attributes = {
				BuildIndependentTargetsInParallel = 1;
				LastSwiftUpdateCheck = 1530;
				LastUpgradeCheck = 1540;
				TargetAttributes = {
					ABF779EA2BE713F100108EB2 = {
						CreatedOnToolsVersion = 15.3;
					};
					ABF779FB2BE713F200108EB2 = {
						CreatedOnToolsVersion = 15.3;
						TestTargetID = ABF779EA2BE713F100108EB2;
					};
					ABF77A052BE713F300108EB2 = {
						CreatedOnToolsVersion = 15.3;
						TestTargetID = ABF779EA2BE713F100108EB2;
					};
				};
			};
			buildConfigurationList = ABF779E62BE713F100108EB2 /* Build configuration list for PBXProject "UniversalChords" */;
			compatibilityVersion = "Xcode 14.0";
			developmentRegion = en;
			hasScannedForEncodings = 0;
			knownRegions = (
				en,
				Base,
				es,
				fr,
				"pt-BR",
				nb,
			);
			mainGroup = ABF779E22BE713F100108EB2;
			packageReferences = (
				ABF77A1A2BE715CE00108EB2 /* XCRemoteSwiftPackageReference "MusicTheory" */,
			);
			productRefGroup = ABF779EC2BE713F100108EB2 /* Products */;
			projectDirPath = "";
			projectRoot = "";
			targets = (
				ABF779EA2BE713F100108EB2 /* UniversalChords */,
				ABF779FB2BE713F200108EB2 /* UniversalChordsTests */,
				ABF77A052BE713F300108EB2 /* UniversalChordsUITests */,
			);
		};
/* End PBXProject section */

/* Begin PBXResourcesBuildPhase section */
		ABF779E92BE713F100108EB2 /* Resources */ = {
			isa = PBXResourcesBuildPhase;
			buildActionMask = 2147483647;
			files = (
				ABF779F72BE713F200108EB2 /* Preview Assets.xcassets in Resources */,
				ABE66A672C0C245E00D9C64A /* Localizable.strings in Resources */,
				ABF779F32BE713F200108EB2 /* Assets.xcassets in Resources */,
				ABE66A602C0BCFDF00D9C64A /* Launch Screen.storyboard in Resources */,
			);
			runOnlyForDeploymentPostprocessing = 0;
		};
		ABF779FA2BE713F200108EB2 /* Resources */ = {
			isa = PBXResourcesBuildPhase;
			buildActionMask = 2147483647;
			files = (
			);
			runOnlyForDeploymentPostprocessing = 0;
		};
		ABF77A042BE713F300108EB2 /* Resources */ = {
			isa = PBXResourcesBuildPhase;
			buildActionMask = 2147483647;
			files = (
			);
			runOnlyForDeploymentPostprocessing = 0;
		};
/* End PBXResourcesBuildPhase section */

/* Begin PBXSourcesBuildPhase section */
		ABF779E72BE713F100108EB2 /* Sources */ = {
			isa = PBXSourcesBuildPhase;
			buildActionMask = 2147483647;
			files = (
				ABE66A622C0C049200D9C64A /* SettingsView.swift in Sources */,
				AB030C9D2BF055F100B7F385 /* FretBoardView.swift in Sources */,
				ABF77A232BE8759100108EB2 /* Instrument.swift in Sources */,
				AB018B012C12B13F00D4E572 /* KeyboardView.swift in Sources */,
				ABF77A1F2BE727E600108EB2 /* MusicExtensions.swift in Sources */,
				ABF77A212BE8635800108EB2 /* ChordPickerView.swift in Sources */,
				ABF779F12BE713F100108EB2 /* ContentView.swift in Sources */,
				ABF779EF2BE713F100108EB2 /* UniversalChordsApp.swift in Sources */,
				ABE66A642C0C07ED00D9C64A /* ColorExtensions.swift in Sources */,
			);
			runOnlyForDeploymentPostprocessing = 0;
		};
		ABF779F82BE713F200108EB2 /* Sources */ = {
			isa = PBXSourcesBuildPhase;
			buildActionMask = 2147483647;
			files = (
				ABF77A012BE713F200108EB2 /* UniversalChordsTests.swift in Sources */,
			);
			runOnlyForDeploymentPostprocessing = 0;
		};
		ABF77A022BE713F300108EB2 /* Sources */ = {
			isa = PBXSourcesBuildPhase;
			buildActionMask = 2147483647;
			files = (
				ABF77A0B2BE713F300108EB2 /* UniversalChordsUITests.swift in Sources */,
				ABF77A0D2BE713F300108EB2 /* UniversalChordsUITestsLaunchTests.swift in Sources */,
			);
			runOnlyForDeploymentPostprocessing = 0;
		};
/* End PBXSourcesBuildPhase section */

/* Begin PBXTargetDependency section */
		ABF779FE2BE713F200108EB2 /* PBXTargetDependency */ = {
			isa = PBXTargetDependency;
			target = ABF779EA2BE713F100108EB2 /* UniversalChords */;
			targetProxy = ABF779FD2BE713F200108EB2 /* PBXContainerItemProxy */;
		};
		ABF77A082BE713F300108EB2 /* PBXTargetDependency */ = {
			isa = PBXTargetDependency;
			target = ABF779EA2BE713F100108EB2 /* UniversalChords */;
			targetProxy = ABF77A072BE713F300108EB2 /* PBXContainerItemProxy */;
		};
/* End PBXTargetDependency section */

/* Begin PBXVariantGroup section */
		ABE66A652C0C245E00D9C64A /* Localizable.strings */ = {
			isa = PBXVariantGroup;
			children = (
				ABE66A662C0C245E00D9C64A /* en */,
				ABE66A682C0C24CE00D9C64A /* fr */,
				ABE66A692C0C24CF00D9C64A /* es */,
				ABE66A6A2C0C2EA800D9C64A /* pt-BR */,
				ABE66A6B2C0C303800D9C64A /* nb */,
			);
			name = Localizable.strings;
			sourceTree = "<group>";
		};
/* End PBXVariantGroup section */

/* Begin XCBuildConfiguration section */
		ABF77A0E2BE713F300108EB2 /* Debug */ = {
			isa = XCBuildConfiguration;
			buildSettings = {
				ALWAYS_SEARCH_USER_PATHS = NO;
				ASSETCATALOG_COMPILER_GENERATE_SWIFT_ASSET_SYMBOL_EXTENSIONS = YES;
				CLANG_ANALYZER_LOCALIZABILITY_NONLOCALIZED = YES;
				CLANG_ANALYZER_NONNULL = YES;
				CLANG_ANALYZER_NUMBER_OBJECT_CONVERSION = YES_AGGRESSIVE;
				CLANG_CXX_LANGUAGE_STANDARD = "gnu++20";
				CLANG_ENABLE_MODULES = YES;
				CLANG_ENABLE_OBJC_ARC = YES;
				CLANG_ENABLE_OBJC_WEAK = YES;
				CLANG_WARN_BLOCK_CAPTURE_AUTORELEASING = YES;
				CLANG_WARN_BOOL_CONVERSION = YES;
				CLANG_WARN_COMMA = YES;
				CLANG_WARN_CONSTANT_CONVERSION = YES;
				CLANG_WARN_DEPRECATED_OBJC_IMPLEMENTATIONS = YES;
				CLANG_WARN_DIRECT_OBJC_ISA_USAGE = YES_ERROR;
				CLANG_WARN_DOCUMENTATION_COMMENTS = YES;
				CLANG_WARN_EMPTY_BODY = YES;
				CLANG_WARN_ENUM_CONVERSION = YES;
				CLANG_WARN_INFINITE_RECURSION = YES;
				CLANG_WARN_INT_CONVERSION = YES;
				CLANG_WARN_NON_LITERAL_NULL_CONVERSION = YES;
				CLANG_WARN_OBJC_IMPLICIT_RETAIN_SELF = YES;
				CLANG_WARN_OBJC_LITERAL_CONVERSION = YES;
				CLANG_WARN_OBJC_ROOT_CLASS = YES_ERROR;
				CLANG_WARN_QUOTED_INCLUDE_IN_FRAMEWORK_HEADER = YES;
				CLANG_WARN_RANGE_LOOP_ANALYSIS = YES;
				CLANG_WARN_STRICT_PROTOTYPES = YES;
				CLANG_WARN_SUSPICIOUS_MOVE = YES;
				CLANG_WARN_UNGUARDED_AVAILABILITY = YES_AGGRESSIVE;
				CLANG_WARN_UNREACHABLE_CODE = YES;
				CLANG_WARN__DUPLICATE_METHOD_MATCH = YES;
				COPY_PHASE_STRIP = NO;
				DEAD_CODE_STRIPPING = YES;
				DEBUG_INFORMATION_FORMAT = dwarf;
				ENABLE_STRICT_OBJC_MSGSEND = YES;
				ENABLE_TESTABILITY = YES;
				ENABLE_USER_SCRIPT_SANDBOXING = YES;
				GCC_C_LANGUAGE_STANDARD = gnu17;
				GCC_DYNAMIC_NO_PIC = NO;
				GCC_NO_COMMON_BLOCKS = YES;
				GCC_OPTIMIZATION_LEVEL = 0;
				GCC_PREPROCESSOR_DEFINITIONS = (
					"DEBUG=1",
					"$(inherited)",
				);
				GCC_WARN_64_TO_32_BIT_CONVERSION = YES;
				GCC_WARN_ABOUT_RETURN_TYPE = YES_ERROR;
				GCC_WARN_UNDECLARED_SELECTOR = YES;
				GCC_WARN_UNINITIALIZED_AUTOS = YES_AGGRESSIVE;
				GCC_WARN_UNUSED_FUNCTION = YES;
				GCC_WARN_UNUSED_VARIABLE = YES;
				LOCALIZATION_PREFERS_STRING_CATALOGS = YES;
				MTL_ENABLE_DEBUG_INFO = INCLUDE_SOURCE;
				MTL_FAST_MATH = YES;
				ONLY_ACTIVE_ARCH = YES;
				SWIFT_ACTIVE_COMPILATION_CONDITIONS = "DEBUG $(inherited)";
				SWIFT_OPTIMIZATION_LEVEL = "-Onone";
			};
			name = Debug;
		};
		ABF77A0F2BE713F300108EB2 /* Release */ = {
			isa = XCBuildConfiguration;
			buildSettings = {
				ALWAYS_SEARCH_USER_PATHS = NO;
				ASSETCATALOG_COMPILER_GENERATE_SWIFT_ASSET_SYMBOL_EXTENSIONS = YES;
				CLANG_ANALYZER_LOCALIZABILITY_NONLOCALIZED = YES;
				CLANG_ANALYZER_NONNULL = YES;
				CLANG_ANALYZER_NUMBER_OBJECT_CONVERSION = YES_AGGRESSIVE;
				CLANG_CXX_LANGUAGE_STANDARD = "gnu++20";
				CLANG_ENABLE_MODULES = YES;
				CLANG_ENABLE_OBJC_ARC = YES;
				CLANG_ENABLE_OBJC_WEAK = YES;
				CLANG_WARN_BLOCK_CAPTURE_AUTORELEASING = YES;
				CLANG_WARN_BOOL_CONVERSION = YES;
				CLANG_WARN_COMMA = YES;
				CLANG_WARN_CONSTANT_CONVERSION = YES;
				CLANG_WARN_DEPRECATED_OBJC_IMPLEMENTATIONS = YES;
				CLANG_WARN_DIRECT_OBJC_ISA_USAGE = YES_ERROR;
				CLANG_WARN_DOCUMENTATION_COMMENTS = YES;
				CLANG_WARN_EMPTY_BODY = YES;
				CLANG_WARN_ENUM_CONVERSION = YES;
				CLANG_WARN_INFINITE_RECURSION = YES;
				CLANG_WARN_INT_CONVERSION = YES;
				CLANG_WARN_NON_LITERAL_NULL_CONVERSION = YES;
				CLANG_WARN_OBJC_IMPLICIT_RETAIN_SELF = YES;
				CLANG_WARN_OBJC_LITERAL_CONVERSION = YES;
				CLANG_WARN_OBJC_ROOT_CLASS = YES_ERROR;
				CLANG_WARN_QUOTED_INCLUDE_IN_FRAMEWORK_HEADER = YES;
				CLANG_WARN_RANGE_LOOP_ANALYSIS = YES;
				CLANG_WARN_STRICT_PROTOTYPES = YES;
				CLANG_WARN_SUSPICIOUS_MOVE = YES;
				CLANG_WARN_UNGUARDED_AVAILABILITY = YES_AGGRESSIVE;
				CLANG_WARN_UNREACHABLE_CODE = YES;
				CLANG_WARN__DUPLICATE_METHOD_MATCH = YES;
				COPY_PHASE_STRIP = NO;
				DEAD_CODE_STRIPPING = YES;
				DEBUG_INFORMATION_FORMAT = "dwarf-with-dsym";
				ENABLE_NS_ASSERTIONS = NO;
				ENABLE_STRICT_OBJC_MSGSEND = YES;
				ENABLE_USER_SCRIPT_SANDBOXING = YES;
				GCC_C_LANGUAGE_STANDARD = gnu17;
				GCC_NO_COMMON_BLOCKS = YES;
				GCC_WARN_64_TO_32_BIT_CONVERSION = YES;
				GCC_WARN_ABOUT_RETURN_TYPE = YES_ERROR;
				GCC_WARN_UNDECLARED_SELECTOR = YES;
				GCC_WARN_UNINITIALIZED_AUTOS = YES_AGGRESSIVE;
				GCC_WARN_UNUSED_FUNCTION = YES;
				GCC_WARN_UNUSED_VARIABLE = YES;
				LOCALIZATION_PREFERS_STRING_CATALOGS = YES;
				MTL_ENABLE_DEBUG_INFO = NO;
				MTL_FAST_MATH = YES;
				SWIFT_COMPILATION_MODE = wholemodule;
			};
			name = Release;
		};
		ABF77A112BE713F300108EB2 /* Debug */ = {
			isa = XCBuildConfiguration;
			buildSettings = {
				ASSETCATALOG_COMPILER_APPICON_NAME = AppIcon;
				ASSETCATALOG_COMPILER_GLOBAL_ACCENT_COLOR_NAME = AccentColor;
				ASSETCATALOG_COMPILER_INCLUDE_ALL_APPICON_ASSETS = NO;
				CODE_SIGN_ENTITLEMENTS = UniversalChords/UniversalChords.entitlements;
				CODE_SIGN_STYLE = Automatic;
				CURRENT_PROJECT_VERSION = 2;
				DEAD_CODE_STRIPPING = YES;
				DEVELOPMENT_ASSET_PATHS = "\"UniversalChords/Preview Content\"";
				DEVELOPMENT_TEAM = FMXTG86C6R;
				ENABLE_HARDENED_RUNTIME = YES;
				ENABLE_PREVIEWS = YES;
				GENERATE_INFOPLIST_FILE = YES;
				INFOPLIST_FILE = UniversalChords/Info.plist;
				INFOPLIST_KEY_CFBundleDisplayName = Chords;
				INFOPLIST_KEY_LSApplicationCategoryType = "public.app-category.music";
				"INFOPLIST_KEY_UIApplicationSceneManifest_Generation[sdk=iphoneos*]" = YES;
				"INFOPLIST_KEY_UIApplicationSceneManifest_Generation[sdk=iphonesimulator*]" = YES;
				"INFOPLIST_KEY_UIApplicationSupportsIndirectInputEvents[sdk=iphoneos*]" = YES;
				"INFOPLIST_KEY_UIApplicationSupportsIndirectInputEvents[sdk=iphonesimulator*]" = YES;
				"INFOPLIST_KEY_UILaunchScreen_Generation[sdk=iphoneos*]" = YES;
				"INFOPLIST_KEY_UILaunchScreen_Generation[sdk=iphonesimulator*]" = YES;
				INFOPLIST_KEY_UILaunchStoryboardName = "";
				"INFOPLIST_KEY_UIStatusBarStyle[sdk=iphoneos*]" = UIStatusBarStyleDefault;
				"INFOPLIST_KEY_UIStatusBarStyle[sdk=iphonesimulator*]" = UIStatusBarStyleDefault;
				INFOPLIST_KEY_UISupportedInterfaceOrientations_iPad = "UIInterfaceOrientationPortrait UIInterfaceOrientationPortraitUpsideDown UIInterfaceOrientationLandscapeLeft UIInterfaceOrientationLandscapeRight";
				INFOPLIST_KEY_UISupportedInterfaceOrientations_iPhone = "UIInterfaceOrientationPortrait UIInterfaceOrientationPortraitUpsideDown";
				IPHONEOS_DEPLOYMENT_TARGET = 16.0;
				LD_RUNPATH_SEARCH_PATHS = "@executable_path/Frameworks";
				"LD_RUNPATH_SEARCH_PATHS[sdk=macosx*]" = "@executable_path/../Frameworks";
				MACOSX_DEPLOYMENT_TARGET = 14.4;
				MARKETING_VERSION = 2.0;
				PRODUCT_BUNDLE_IDENTIFIER = com.chasecaster.Chords;
				PRODUCT_NAME = "$(TARGET_NAME)";
				SDKROOT = auto;
				SUPPORTED_PLATFORMS = "iphoneos iphonesimulator macosx";
				SWIFT_EMIT_LOC_STRINGS = YES;
				SWIFT_VERSION = 5.0;
				TARGETED_DEVICE_FAMILY = "1,2";
			};
			name = Debug;
		};
		ABF77A122BE713F300108EB2 /* Release */ = {
			isa = XCBuildConfiguration;
			buildSettings = {
				ASSETCATALOG_COMPILER_APPICON_NAME = AppIcon;
				ASSETCATALOG_COMPILER_GLOBAL_ACCENT_COLOR_NAME = AccentColor;
				ASSETCATALOG_COMPILER_INCLUDE_ALL_APPICON_ASSETS = NO;
				CODE_SIGN_ENTITLEMENTS = UniversalChords/UniversalChords.entitlements;
				CODE_SIGN_STYLE = Automatic;
				CURRENT_PROJECT_VERSION = 2;
				DEAD_CODE_STRIPPING = YES;
				DEVELOPMENT_ASSET_PATHS = "\"UniversalChords/Preview Content\"";
				DEVELOPMENT_TEAM = FMXTG86C6R;
				ENABLE_HARDENED_RUNTIME = YES;
				ENABLE_PREVIEWS = YES;
				GENERATE_INFOPLIST_FILE = YES;
				INFOPLIST_FILE = UniversalChords/Info.plist;
				INFOPLIST_KEY_CFBundleDisplayName = Chords;
				INFOPLIST_KEY_LSApplicationCategoryType = "public.app-category.music";
				"INFOPLIST_KEY_UIApplicationSceneManifest_Generation[sdk=iphoneos*]" = YES;
				"INFOPLIST_KEY_UIApplicationSceneManifest_Generation[sdk=iphonesimulator*]" = YES;
				"INFOPLIST_KEY_UIApplicationSupportsIndirectInputEvents[sdk=iphoneos*]" = YES;
				"INFOPLIST_KEY_UIApplicationSupportsIndirectInputEvents[sdk=iphonesimulator*]" = YES;
				"INFOPLIST_KEY_UILaunchScreen_Generation[sdk=iphoneos*]" = YES;
				"INFOPLIST_KEY_UILaunchScreen_Generation[sdk=iphonesimulator*]" = YES;
				INFOPLIST_KEY_UILaunchStoryboardName = "";
				"INFOPLIST_KEY_UIStatusBarStyle[sdk=iphoneos*]" = UIStatusBarStyleDefault;
				"INFOPLIST_KEY_UIStatusBarStyle[sdk=iphonesimulator*]" = UIStatusBarStyleDefault;
				INFOPLIST_KEY_UISupportedInterfaceOrientations_iPad = "UIInterfaceOrientationPortrait UIInterfaceOrientationPortraitUpsideDown UIInterfaceOrientationLandscapeLeft UIInterfaceOrientationLandscapeRight";
				INFOPLIST_KEY_UISupportedInterfaceOrientations_iPhone = "UIInterfaceOrientationPortrait UIInterfaceOrientationPortraitUpsideDown";
				IPHONEOS_DEPLOYMENT_TARGET = 16.0;
				LD_RUNPATH_SEARCH_PATHS = "@executable_path/Frameworks";
				"LD_RUNPATH_SEARCH_PATHS[sdk=macosx*]" = "@executable_path/../Frameworks";
				MACOSX_DEPLOYMENT_TARGET = 14.4;
				MARKETING_VERSION = 2.0;
				PRODUCT_BUNDLE_IDENTIFIER = com.chasecaster.Chords;
				PRODUCT_NAME = "$(TARGET_NAME)";
				SDKROOT = auto;
				SUPPORTED_PLATFORMS = "iphoneos iphonesimulator macosx";
				SWIFT_EMIT_LOC_STRINGS = YES;
				SWIFT_VERSION = 5.0;
				TARGETED_DEVICE_FAMILY = "1,2";
			};
			name = Release;
		};
		ABF77A142BE713F300108EB2 /* Debug */ = {
			isa = XCBuildConfiguration;
			buildSettings = {
				ALWAYS_EMBED_SWIFT_STANDARD_LIBRARIES = YES;
				BUNDLE_LOADER = "$(TEST_HOST)";
				CODE_SIGN_STYLE = Automatic;
				CURRENT_PROJECT_VERSION = 1;
				DEAD_CODE_STRIPPING = YES;
				DEVELOPMENT_TEAM = FMXTG86C6R;
				GENERATE_INFOPLIST_FILE = YES;
				IPHONEOS_DEPLOYMENT_TARGET = 16.0;
				MACOSX_DEPLOYMENT_TARGET = 14.4;
				MARKETING_VERSION = 1.0;
				PRODUCT_BUNDLE_IDENTIFIER = com.chasecaster.UniversalChordsTests;
				PRODUCT_NAME = "$(TARGET_NAME)";
				SDKROOT = auto;
				SUPPORTED_PLATFORMS = "iphoneos iphonesimulator macosx";
				SWIFT_EMIT_LOC_STRINGS = NO;
				SWIFT_VERSION = 5.0;
				TARGETED_DEVICE_FAMILY = "1,2";
				TEST_HOST = "$(BUILT_PRODUCTS_DIR)/UniversalChords.app/$(BUNDLE_EXECUTABLE_FOLDER_PATH)/UniversalChords";
			};
			name = Debug;
		};
		ABF77A152BE713F300108EB2 /* Release */ = {
			isa = XCBuildConfiguration;
			buildSettings = {
				ALWAYS_EMBED_SWIFT_STANDARD_LIBRARIES = YES;
				BUNDLE_LOADER = "$(TEST_HOST)";
				CODE_SIGN_STYLE = Automatic;
				CURRENT_PROJECT_VERSION = 1;
				DEAD_CODE_STRIPPING = YES;
				DEVELOPMENT_TEAM = FMXTG86C6R;
				GENERATE_INFOPLIST_FILE = YES;
				IPHONEOS_DEPLOYMENT_TARGET = 16.0;
				MACOSX_DEPLOYMENT_TARGET = 14.4;
				MARKETING_VERSION = 1.0;
				PRODUCT_BUNDLE_IDENTIFIER = com.chasecaster.UniversalChordsTests;
				PRODUCT_NAME = "$(TARGET_NAME)";
				SDKROOT = auto;
				SUPPORTED_PLATFORMS = "iphoneos iphonesimulator macosx";
				SWIFT_EMIT_LOC_STRINGS = NO;
				SWIFT_VERSION = 5.0;
				TARGETED_DEVICE_FAMILY = "1,2";
				TEST_HOST = "$(BUILT_PRODUCTS_DIR)/UniversalChords.app/$(BUNDLE_EXECUTABLE_FOLDER_PATH)/UniversalChords";
			};
			name = Release;
		};
		ABF77A172BE713F300108EB2 /* Debug */ = {
			isa = XCBuildConfiguration;
			buildSettings = {
				ALWAYS_EMBED_SWIFT_STANDARD_LIBRARIES = YES;
				CODE_SIGN_STYLE = Automatic;
				CURRENT_PROJECT_VERSION = 1;
				DEAD_CODE_STRIPPING = YES;
				DEVELOPMENT_TEAM = FMXTG86C6R;
				GENERATE_INFOPLIST_FILE = YES;
				IPHONEOS_DEPLOYMENT_TARGET = 16.0;
				MACOSX_DEPLOYMENT_TARGET = 14.4;
				MARKETING_VERSION = 1.0;
				PRODUCT_BUNDLE_IDENTIFIER = com.chasecaster.UniversalChordsUITests;
				PRODUCT_NAME = "$(TARGET_NAME)";
				SDKROOT = auto;
				SUPPORTED_PLATFORMS = "iphoneos iphonesimulator macosx";
				SWIFT_EMIT_LOC_STRINGS = NO;
				SWIFT_VERSION = 5.0;
				TARGETED_DEVICE_FAMILY = "1,2";
				TEST_TARGET_NAME = UniversalChords;
			};
			name = Debug;
		};
		ABF77A182BE713F300108EB2 /* Release */ = {
			isa = XCBuildConfiguration;
			buildSettings = {
				ALWAYS_EMBED_SWIFT_STANDARD_LIBRARIES = YES;
				CODE_SIGN_STYLE = Automatic;
				CURRENT_PROJECT_VERSION = 1;
				DEAD_CODE_STRIPPING = YES;
				DEVELOPMENT_TEAM = FMXTG86C6R;
				GENERATE_INFOPLIST_FILE = YES;
				IPHONEOS_DEPLOYMENT_TARGET = 16.0;
				MACOSX_DEPLOYMENT_TARGET = 14.4;
				MARKETING_VERSION = 1.0;
				PRODUCT_BUNDLE_IDENTIFIER = com.chasecaster.UniversalChordsUITests;
				PRODUCT_NAME = "$(TARGET_NAME)";
				SDKROOT = auto;
				SUPPORTED_PLATFORMS = "iphoneos iphonesimulator macosx";
				SWIFT_EMIT_LOC_STRINGS = NO;
				SWIFT_VERSION = 5.0;
				TARGETED_DEVICE_FAMILY = "1,2";
				TEST_TARGET_NAME = UniversalChords;
			};
			name = Release;
		};
/* End XCBuildConfiguration section */

/* Begin XCConfigurationList section */
		ABF779E62BE713F100108EB2 /* Build configuration list for PBXProject "UniversalChords" */ = {
			isa = XCConfigurationList;
			buildConfigurations = (
				ABF77A0E2BE713F300108EB2 /* Debug */,
				ABF77A0F2BE713F300108EB2 /* Release */,
			);
			defaultConfigurationIsVisible = 0;
			defaultConfigurationName = Release;
		};
		ABF77A102BE713F300108EB2 /* Build configuration list for PBXNativeTarget "UniversalChords" */ = {
			isa = XCConfigurationList;
			buildConfigurations = (
				ABF77A112BE713F300108EB2 /* Debug */,
				ABF77A122BE713F300108EB2 /* Release */,
			);
			defaultConfigurationIsVisible = 0;
			defaultConfigurationName = Release;
		};
		ABF77A132BE713F300108EB2 /* Build configuration list for PBXNativeTarget "UniversalChordsTests" */ = {
			isa = XCConfigurationList;
			buildConfigurations = (
				ABF77A142BE713F300108EB2 /* Debug */,
				ABF77A152BE713F300108EB2 /* Release */,
			);
			defaultConfigurationIsVisible = 0;
			defaultConfigurationName = Release;
		};
		ABF77A162BE713F300108EB2 /* Build configuration list for PBXNativeTarget "UniversalChordsUITests" */ = {
			isa = XCConfigurationList;
			buildConfigurations = (
				ABF77A172BE713F300108EB2 /* Debug */,
				ABF77A182BE713F300108EB2 /* Release */,
			);
			defaultConfigurationIsVisible = 0;
			defaultConfigurationName = Release;
		};
/* End XCConfigurationList section */

/* Begin XCRemoteSwiftPackageReference section */
		ABF77A1A2BE715CE00108EB2 /* XCRemoteSwiftPackageReference "MusicTheory" */ = {
			isa = XCRemoteSwiftPackageReference;
			repositoryURL = "https://github.com/cemolcay/MusicTheory";
			requirement = {
				kind = upToNextMajorVersion;
				minimumVersion = 1.4.0;
			};
		};
/* End XCRemoteSwiftPackageReference section */

/* Begin XCSwiftPackageProductDependency section */
		ABF77A1C2BE71F9D00108EB2 /* MusicTheory */ = {
			isa = XCSwiftPackageProductDependency;
			package = ABF77A1A2BE715CE00108EB2 /* XCRemoteSwiftPackageReference "MusicTheory" */;
			productName = MusicTheory;
		};
/* End XCSwiftPackageProductDependency section */
	};
	rootObject = ABF779E32BE713F100108EB2 /* Project object */;
}
